
Microsoft Visual Studio Solution File, Format Version 12.00
# Visual Studio 15
VisualStudioVersion = 15.0.28307.1000
MinimumVisualStudioVersion = 10.0.40219.1
Project("{FAE04EC0-301F-11D3-BF4B-00C04F79EFBC}") = "Activity4", "Activity4\Activity4.csproj", "{2E18AF80-D1AE-4BBC-9844-B12527A974BA}"
EndProject
Global
	GlobalSection(SolutionConfigurationPlatforms) = preSolution
		Debug|Any CPU = Debug|Any CPU
		Release|Any CPU = Release|Any CPU
	EndGlobalSection
	GlobalSection(ProjectConfigurationPlatforms) = postSolution
		{2E18AF80-D1AE-4BBC-9844-B12527A974BA}.Debug|Any CPU.ActiveCfg = Debug|Any CPU
		{2E18AF80-D1AE-4BBC-9844-B12527A974BA}.Debug|Any CPU.Build.0 = Debug|Any CPU
		{2E18AF80-D1AE-4BBC-9844-B12527A974BA}.Release|Any CPU.ActiveCfg = Release|Any CPU
		{2E18AF80-D1AE-4BBC-9844-B12527A974BA}.Release|Any CPU.Build.0 = Release|Any CPU
	EndGlobalSection
	GlobalSection(SolutionProperties) = preSolution
		HideSolutionNode = FALSE
	EndGlobalSection
	GlobalSection(ExtensibilityGlobals) = postSolution
		SolutionGuid = {18EB5D5A-DD5B-4BC7-8673-C8020BD0FEEA}
	EndGlobalSection
EndGlobal
